
Microsoft Visual Studio Solution File, Format Version 12.00
# Visual Studio Version 16
VisualStudioVersion = 16.0.29209.62
MinimumVisualStudioVersion = 10.0.40219.1
Project("{FAE04EC0-301F-11D3-BF4B-00C04F79EFBC}") = "Entity", "Entity\Entity.csproj", "{AB697376-5417-455A-B004-CDF1DD2DE85D}"
EndProject
Project("{FAE04EC0-301F-11D3-BF4B-00C04F79EFBC}") = "DataAccess", "DataAccess\DataAccess.csproj", "{689BB426-0C61-47B0-A4FC-5665D0B9E12F}"
EndProject
Project("{FAE04EC0-301F-11D3-BF4B-00C04F79EFBC}") = "Bussines", "Bussines\Bussines.csproj", "{1C43D7E5-FB77-472C-BE9E-A85CF688061D}"
EndProject
Project("{FAE04EC0-301F-11D3-BF4B-00C04F79EFBC}") = "WebUI", "WebUI\WebUI.csproj", "{6BDDDA9B-D4E4-400C-ACDB-48A432E3653E}"
EndProject
Global
	GlobalSection(SolutionConfigurationPlatforms) = preSolution
		Debug|Any CPU = Debug|Any CPU
		Release|Any CPU = Release|Any CPU
	EndGlobalSection
	GlobalSection(ProjectConfigurationPlatforms) = postSolution
		{AB697376-5417-455A-B004-CDF1DD2DE85D}.Debug|Any CPU.ActiveCfg = Debug|Any CPU
		{AB697376-5417-455A-B004-CDF1DD2DE85D}.Debug|Any CPU.Build.0 = Debug|Any CPU
		{AB697376-5417-455A-B004-CDF1DD2DE85D}.Release|Any CPU.ActiveCfg = Release|Any CPU
		{AB697376-5417-455A-B004-CDF1DD2DE85D}.Release|Any CPU.Build.0 = Release|Any CPU
		{689BB426-0C61-47B0-A4FC-5665D0B9E12F}.Debug|Any CPU.ActiveCfg = Debug|Any CPU
		{689BB426-0C61-47B0-A4FC-5665D0B9E12F}.Debug|Any CPU.Build.0 = Debug|Any CPU
		{689BB426-0C61-47B0-A4FC-5665D0B9E12F}.Release|Any CPU.ActiveCfg = Release|Any CPU
		{689BB426-0C61-47B0-A4FC-5665D0B9E12F}.Release|Any CPU.Build.0 = Release|Any CPU
		{1C43D7E5-FB77-472C-BE9E-A85CF688061D}.Debug|Any CPU.ActiveCfg = Debug|Any CPU
		{1C43D7E5-FB77-472C-BE9E-A85CF688061D}.Debug|Any CPU.Build.0 = Debug|Any CPU
		{1C43D7E5-FB77-472C-BE9E-A85CF688061D}.Release|Any CPU.ActiveCfg = Release|Any CPU
		{1C43D7E5-FB77-472C-BE9E-A85CF688061D}.Release|Any CPU.Build.0 = Release|Any CPU
		{6BDDDA9B-D4E4-400C-ACDB-48A432E3653E}.Debug|Any CPU.ActiveCfg = Debug|Any CPU
		{6BDDDA9B-D4E4-400C-ACDB-48A432E3653E}.Debug|Any CPU.Build.0 = Debug|Any CPU
		{6BDDDA9B-D4E4-400C-ACDB-48A432E3653E}.Release|Any CPU.ActiveCfg = Release|Any CPU
		{6BDDDA9B-D4E4-400C-ACDB-48A432E3653E}.Release|Any CPU.Build.0 = Release|Any CPU
	EndGlobalSection
	GlobalSection(SolutionProperties) = preSolution
		HideSolutionNode = FALSE
	EndGlobalSection
	GlobalSection(ExtensibilityGlobals) = postSolution
		SolutionGuid = {A66387FE-4479-45C9-9FF2-14BE61FD0E3A}
	EndGlobalSection
EndGlobal
